
Microsoft Visual Studio Solution File, Format Version 12.00
# Visual Studio Express 15 for Windows Desktop
VisualStudioVersion = 15.0.27703.2047
MinimumVisualStudioVersion = 10.0.40219.1
Project("{FAE04EC0-301F-11D3-BF4B-00C04F79EFBC}") = "User_Management", "User_Management\User_Management.csproj", "{E94C78CF-D111-41AB-83DE-38B2CA27C3BF}"
EndProject
Global
	GlobalSection(SolutionConfigurationPlatforms) = preSolution
		Debug|Any CPU = Debug|Any CPU
		Release|Any CPU = Release|Any CPU
	EndGlobalSection
	GlobalSection(ProjectConfigurationPlatforms) = postSolution
		{E94C78CF-D111-41AB-83DE-38B2CA27C3BF}.Debug|Any CPU.ActiveCfg = Debug|Any CPU
		{E94C78CF-D111-41AB-83DE-38B2CA27C3BF}.Debug|Any CPU.Build.0 = Debug|Any CPU
		{E94C78CF-D111-41AB-83DE-38B2CA27C3BF}.Release|Any CPU.ActiveCfg = Release|Any CPU
		{E94C78CF-D111-41AB-83DE-38B2CA27C3BF}.Release|Any CPU.Build.0 = Release|Any CPU
	EndGlobalSection
	GlobalSection(SolutionProperties) = preSolution
		HideSolutionNode = FALSE
	EndGlobalSection
	GlobalSection(ExtensibilityGlobals) = postSolution
		SolutionGuid = {BBBAC935-7129-4505-ACA0-D163DAB9CF7B}
	EndGlobalSection
EndGlobal
