
Microsoft Visual Studio Solution File, Format Version 12.00
# Visual Studio Express 15 for Windows Desktop
VisualStudioVersion = 15.0.27703.2047
MinimumVisualStudioVersion = 10.0.40219.1
Project("{FAE04EC0-301F-11D3-BF4B-00C04F79EFBC}") = "EventsAndDelegates", "EventsAndDelegates\EventsAndDelegates.csproj", "{E467DA2D-8D34-4EC6-8D30-7E4F76F2F34B}"
EndProject
Global
	GlobalSection(SolutionConfigurationPlatforms) = preSolution
		Debug|Any CPU = Debug|Any CPU
		Release|Any CPU = Release|Any CPU
	EndGlobalSection
	GlobalSection(ProjectConfigurationPlatforms) = postSolution
		{E467DA2D-8D34-4EC6-8D30-7E4F76F2F34B}.Debug|Any CPU.ActiveCfg = Debug|Any CPU
		{E467DA2D-8D34-4EC6-8D30-7E4F76F2F34B}.Debug|Any CPU.Build.0 = Debug|Any CPU
		{E467DA2D-8D34-4EC6-8D30-7E4F76F2F34B}.Release|Any CPU.ActiveCfg = Release|Any CPU
		{E467DA2D-8D34-4EC6-8D30-7E4F76F2F34B}.Release|Any CPU.Build.0 = Release|Any CPU
	EndGlobalSection
	GlobalSection(SolutionProperties) = preSolution
		HideSolutionNode = FALSE
	EndGlobalSection
	GlobalSection(ExtensibilityGlobals) = postSolution
		SolutionGuid = {E18EA701-2E97-4B2E-9F13-75FE06F618D9}
	EndGlobalSection
EndGlobal
