
Microsoft Visual Studio Solution File, Format Version 12.00
# Visual Studio Express 15 for Windows Desktop
VisualStudioVersion = 15.0.27703.2047
MinimumVisualStudioVersion = 10.0.40219.1
Project("{FAE04EC0-301F-11D3-BF4B-00C04F79EFBC}") = "Day3", "Day3\Day3.csproj", "{AD440F8E-3CF9-4935-A922-946522396AF5}"
EndProject
Global
	GlobalSection(SolutionConfigurationPlatforms) = preSolution
		Debug|Any CPU = Debug|Any CPU
		Release|Any CPU = Release|Any CPU
	EndGlobalSection
	GlobalSection(ProjectConfigurationPlatforms) = postSolution
		{AD440F8E-3CF9-4935-A922-946522396AF5}.Debug|Any CPU.ActiveCfg = Debug|Any CPU
		{AD440F8E-3CF9-4935-A922-946522396AF5}.Debug|Any CPU.Build.0 = Debug|Any CPU
		{AD440F8E-3CF9-4935-A922-946522396AF5}.Release|Any CPU.ActiveCfg = Release|Any CPU
		{AD440F8E-3CF9-4935-A922-946522396AF5}.Release|Any CPU.Build.0 = Release|Any CPU
	EndGlobalSection
	GlobalSection(SolutionProperties) = preSolution
		HideSolutionNode = FALSE
	EndGlobalSection
	GlobalSection(ExtensibilityGlobals) = postSolution
		SolutionGuid = {F86D0173-3FB3-4CBE-A5BC-AA4C1AB24D9A}
	EndGlobalSection
EndGlobal
