
Microsoft Visual Studio Solution File, Format Version 12.00
# Visual Studio Express 15 for Windows Desktop
VisualStudioVersion = 15.0.27703.2047
MinimumVisualStudioVersion = 10.0.40219.1
Project("{FAE04EC0-301F-11D3-BF4B-00C04F79EFBC}") = "SudukoSolver", "SudukoSolver\SudukoSolver.csproj", "{8C81600F-9196-451F-B487-5780E0DD531A}"
EndProject
Global
	GlobalSection(SolutionConfigurationPlatforms) = preSolution
		Debug|Any CPU = Debug|Any CPU
		Release|Any CPU = Release|Any CPU
	EndGlobalSection
	GlobalSection(ProjectConfigurationPlatforms) = postSolution
		{8C81600F-9196-451F-B487-5780E0DD531A}.Debug|Any CPU.ActiveCfg = Debug|Any CPU
		{8C81600F-9196-451F-B487-5780E0DD531A}.Debug|Any CPU.Build.0 = Debug|Any CPU
		{8C81600F-9196-451F-B487-5780E0DD531A}.Release|Any CPU.ActiveCfg = Release|Any CPU
		{8C81600F-9196-451F-B487-5780E0DD531A}.Release|Any CPU.Build.0 = Release|Any CPU
	EndGlobalSection
	GlobalSection(SolutionProperties) = preSolution
		HideSolutionNode = FALSE
	EndGlobalSection
	GlobalSection(ExtensibilityGlobals) = postSolution
		SolutionGuid = {29235924-DFF8-4B95-90CF-20F8978C0FB1}
	EndGlobalSection
EndGlobal
