Microsoft Visual Studio Solution File, Format Version 12.00
# Visual Studio Version 17
VisualStudioVersion = 17.5.2.0
MinimumVisualStudioVersion = 10.0.40219.1
Project("{FAE04EC0-301F-11D3-BF4B-00C04F79EFBC}") = "bus-reservation", "bus-reservation.csproj", "{450C855A-C4E7-14E9-AEF0-8A8404A6222C}"
EndProject
Global
	GlobalSection(SolutionConfigurationPlatforms) = preSolution
		Debug|Any CPU = Debug|Any CPU
		Release|Any CPU = Release|Any CPU
	EndGlobalSection
	GlobalSection(ProjectConfigurationPlatforms) = postSolution
		{450C855A-C4E7-14E9-AEF0-8A8404A6222C}.Debug|Any CPU.ActiveCfg = Debug|Any CPU
		{450C855A-C4E7-14E9-AEF0-8A8404A6222C}.Debug|Any CPU.Build.0 = Debug|Any CPU
		{450C855A-C4E7-14E9-AEF0-8A8404A6222C}.Release|Any CPU.ActiveCfg = Release|Any CPU
		{450C855A-C4E7-14E9-AEF0-8A8404A6222C}.Release|Any CPU.Build.0 = Release|Any CPU
	EndGlobalSection
	GlobalSection(SolutionProperties) = preSolution
		HideSolutionNode = FALSE
	EndGlobalSection
	GlobalSection(ExtensibilityGlobals) = postSolution
		SolutionGuid = {3219632E-B61B-4B48-9B01-6769116EFDE0}
	EndGlobalSection
EndGlobal
