
Microsoft Visual Studio Solution File, Format Version 12.00
# Visual Studio Express 15 for Windows Desktop
VisualStudioVersion = 15.0.27703.2047
MinimumVisualStudioVersion = 10.0.40219.1
Project("{FAE04EC0-301F-11D3-BF4B-00C04F79EFBC}") = "calculator", "calculator\calculator.csproj", "{BE718487-192F-4F6A-AFAA-D053E3741399}"
EndProject
Global
	GlobalSection(SolutionConfigurationPlatforms) = preSolution
		Debug|Any CPU = Debug|Any CPU
		Release|Any CPU = Release|Any CPU
	EndGlobalSection
	GlobalSection(ProjectConfigurationPlatforms) = postSolution
		{BE718487-192F-4F6A-AFAA-D053E3741399}.Debug|Any CPU.ActiveCfg = Debug|Any CPU
		{BE718487-192F-4F6A-AFAA-D053E3741399}.Debug|Any CPU.Build.0 = Debug|Any CPU
		{BE718487-192F-4F6A-AFAA-D053E3741399}.Release|Any CPU.ActiveCfg = Release|Any CPU
		{BE718487-192F-4F6A-AFAA-D053E3741399}.Release|Any CPU.Build.0 = Release|Any CPU
	EndGlobalSection
	GlobalSection(SolutionProperties) = preSolution
		HideSolutionNode = FALSE
	EndGlobalSection
	GlobalSection(ExtensibilityGlobals) = postSolution
		SolutionGuid = {6F90F4B4-7E7E-4ABA-9A22-0CE93DFADE38}
	EndGlobalSection
EndGlobal
