
Microsoft Visual Studio Solution File, Format Version 12.00
# Visual Studio Express 15 for Windows Desktop
VisualStudioVersion = 15.0.27703.2047
MinimumVisualStudioVersion = 10.0.40219.1
Project("{FAE04EC0-301F-11D3-BF4B-00C04F79EFBC}") = "EventsAndDelegates", "EventsAndDelegates\EventsAndDelegates.csproj", "{16CB10C4-BAEE-42C6-8DF9-BE3ED9EE3F9F}"
EndProject
Global
	GlobalSection(SolutionConfigurationPlatforms) = preSolution
		Debug|Any CPU = Debug|Any CPU
		Release|Any CPU = Release|Any CPU
	EndGlobalSection
	GlobalSection(ProjectConfigurationPlatforms) = postSolution
		{16CB10C4-BAEE-42C6-8DF9-BE3ED9EE3F9F}.Debug|Any CPU.ActiveCfg = Debug|Any CPU
		{16CB10C4-BAEE-42C6-8DF9-BE3ED9EE3F9F}.Debug|Any CPU.Build.0 = Debug|Any CPU
		{16CB10C4-BAEE-42C6-8DF9-BE3ED9EE3F9F}.Release|Any CPU.ActiveCfg = Release|Any CPU
		{16CB10C4-BAEE-42C6-8DF9-BE3ED9EE3F9F}.Release|Any CPU.Build.0 = Release|Any CPU
	EndGlobalSection
	GlobalSection(SolutionProperties) = preSolution
		HideSolutionNode = FALSE
	EndGlobalSection
	GlobalSection(ExtensibilityGlobals) = postSolution
		SolutionGuid = {EB091B57-E831-4063-B07D-787151849FB0}
	EndGlobalSection
EndGlobal
