
Microsoft Visual Studio Solution File, Format Version 12.00
# Visual Studio Express 15 for Windows Desktop
VisualStudioVersion = 15.0.27703.2047
MinimumVisualStudioVersion = 10.0.40219.1
Project("{FAE04EC0-301F-11D3-BF4B-00C04F79EFBC}") = "Indexers", "Indexers\Indexers.csproj", "{EA07BE48-A0D8-47B3-9998-82DD84C73299}"
EndProject
Global
	GlobalSection(SolutionConfigurationPlatforms) = preSolution
		Debug|Any CPU = Debug|Any CPU
		Release|Any CPU = Release|Any CPU
	EndGlobalSection
	GlobalSection(ProjectConfigurationPlatforms) = postSolution
		{EA07BE48-A0D8-47B3-9998-82DD84C73299}.Debug|Any CPU.ActiveCfg = Debug|Any CPU
		{EA07BE48-A0D8-47B3-9998-82DD84C73299}.Debug|Any CPU.Build.0 = Debug|Any CPU
		{EA07BE48-A0D8-47B3-9998-82DD84C73299}.Release|Any CPU.ActiveCfg = Release|Any CPU
		{EA07BE48-A0D8-47B3-9998-82DD84C73299}.Release|Any CPU.Build.0 = Release|Any CPU
	EndGlobalSection
	GlobalSection(SolutionProperties) = preSolution
		HideSolutionNode = FALSE
	EndGlobalSection
	GlobalSection(ExtensibilityGlobals) = postSolution
		SolutionGuid = {807A2F29-2385-416E-B4C2-CC4471515A7C}
	EndGlobalSection
EndGlobal
