
Microsoft Visual Studio Solution File, Format Version 12.00
# Visual Studio Express 15 for Windows Desktop
VisualStudioVersion = 15.0.27703.2047
MinimumVisualStudioVersion = 10.0.40219.1
Project("{FAE04EC0-301F-11D3-BF4B-00C04F79EFBC}") = "ExceptionHandling", "ExceptionHandling\ExceptionHandling.csproj", "{9355B2A1-2C6F-49DA-9337-F73B27B21D82}"
EndProject
Global
	GlobalSection(SolutionConfigurationPlatforms) = preSolution
		Debug|Any CPU = Debug|Any CPU
		Release|Any CPU = Release|Any CPU
	EndGlobalSection
	GlobalSection(ProjectConfigurationPlatforms) = postSolution
		{9355B2A1-2C6F-49DA-9337-F73B27B21D82}.Debug|Any CPU.ActiveCfg = Debug|Any CPU
		{9355B2A1-2C6F-49DA-9337-F73B27B21D82}.Debug|Any CPU.Build.0 = Debug|Any CPU
		{9355B2A1-2C6F-49DA-9337-F73B27B21D82}.Release|Any CPU.ActiveCfg = Release|Any CPU
		{9355B2A1-2C6F-49DA-9337-F73B27B21D82}.Release|Any CPU.Build.0 = Release|Any CPU
	EndGlobalSection
	GlobalSection(SolutionProperties) = preSolution
		HideSolutionNode = FALSE
	EndGlobalSection
	GlobalSection(ExtensibilityGlobals) = postSolution
		SolutionGuid = {6722BA83-8270-4B27-9126-4CB3828BE3CD}
	EndGlobalSection
EndGlobal
