
Microsoft Visual Studio Solution File, Format Version 12.00
# Visual Studio Express 15 for Windows Desktop
VisualStudioVersion = 15.0.27703.2047
MinimumVisualStudioVersion = 10.0.40219.1
Project("{FAE04EC0-301F-11D3-BF4B-00C04F79EFBC}") = "GenerateParan", "GenerateParan\GenerateParan.csproj", "{12A9AB0A-B694-4DD8-9303-44EE313F376C}"
EndProject
Global
	GlobalSection(SolutionConfigurationPlatforms) = preSolution
		Debug|Any CPU = Debug|Any CPU
		Release|Any CPU = Release|Any CPU
	EndGlobalSection
	GlobalSection(ProjectConfigurationPlatforms) = postSolution
		{12A9AB0A-B694-4DD8-9303-44EE313F376C}.Debug|Any CPU.ActiveCfg = Debug|Any CPU
		{12A9AB0A-B694-4DD8-9303-44EE313F376C}.Debug|Any CPU.Build.0 = Debug|Any CPU
		{12A9AB0A-B694-4DD8-9303-44EE313F376C}.Release|Any CPU.ActiveCfg = Release|Any CPU
		{12A9AB0A-B694-4DD8-9303-44EE313F376C}.Release|Any CPU.Build.0 = Release|Any CPU
	EndGlobalSection
	GlobalSection(SolutionProperties) = preSolution
		HideSolutionNode = FALSE
	EndGlobalSection
	GlobalSection(ExtensibilityGlobals) = postSolution
		SolutionGuid = {A43C48FD-CA65-4412-A72C-7A64CFADD9B0}
	EndGlobalSection
EndGlobal
